
Microsoft Visual Studio Solution File, Format Version 12.00
# Visual Studio Version 16
VisualStudioVersion = 16.0.31019.35
MinimumVisualStudioVersion = 10.0.40219.1
Project("{FAE04EC0-301F-11D3-BF4B-00C04F79EFBC}") = "SISTIENDA", "SISTIENDA\SISTIENDA.csproj", "{51DE55E1-A0FE-4C72-9E6B-1C14ACD63802}"
EndProject
Project("{FAE04EC0-301F-11D3-BF4B-00C04F79EFBC}") = "CapaDatos", "GDatosAbstract\CapaDatos.csproj", "{3FD887FF-CD9F-40A7-8803-3DD23B9E054B}"
EndProject
Project("{FAE04EC0-301F-11D3-BF4B-00C04F79EFBC}") = "CapaNegocios", "CapaNegocios\CapaNegocios.csproj", "{3CDD7A75-521B-46A9-8A07-3E863C531B17}"
EndProject
Project("{FAE04EC0-301F-11D3-BF4B-00C04F79EFBC}") = "CapaPresentacion", "CapaPresentacion\CapaPresentacion.csproj", "{30FCB40D-C94F-4872-B192-8832B028AD1E}"
EndProject
Global
	GlobalSection(SolutionConfigurationPlatforms) = preSolution
		Debug|Any CPU = Debug|Any CPU
		Release|Any CPU = Release|Any CPU
	EndGlobalSection
	GlobalSection(ProjectConfigurationPlatforms) = postSolution
		{51DE55E1-A0FE-4C72-9E6B-1C14ACD63802}.Debug|Any CPU.ActiveCfg = Debug|Any CPU
		{51DE55E1-A0FE-4C72-9E6B-1C14ACD63802}.Debug|Any CPU.Build.0 = Debug|Any CPU
		{51DE55E1-A0FE-4C72-9E6B-1C14ACD63802}.Release|Any CPU.ActiveCfg = Release|Any CPU
		{51DE55E1-A0FE-4C72-9E6B-1C14ACD63802}.Release|Any CPU.Build.0 = Release|Any CPU
		{3FD887FF-CD9F-40A7-8803-3DD23B9E054B}.Debug|Any CPU.ActiveCfg = Debug|Any CPU
		{3FD887FF-CD9F-40A7-8803-3DD23B9E054B}.Debug|Any CPU.Build.0 = Debug|Any CPU
		{3FD887FF-CD9F-40A7-8803-3DD23B9E054B}.Release|Any CPU.ActiveCfg = Release|Any CPU
		{3FD887FF-CD9F-40A7-8803-3DD23B9E054B}.Release|Any CPU.Build.0 = Release|Any CPU
		{3CDD7A75-521B-46A9-8A07-3E863C531B17}.Debug|Any CPU.ActiveCfg = Debug|Any CPU
		{3CDD7A75-521B-46A9-8A07-3E863C531B17}.Debug|Any CPU.Build.0 = Debug|Any CPU
		{3CDD7A75-521B-46A9-8A07-3E863C531B17}.Release|Any CPU.ActiveCfg = Release|Any CPU
		{3CDD7A75-521B-46A9-8A07-3E863C531B17}.Release|Any CPU.Build.0 = Release|Any CPU
		{30FCB40D-C94F-4872-B192-8832B028AD1E}.Debug|Any CPU.ActiveCfg = Debug|Any CPU
		{30FCB40D-C94F-4872-B192-8832B028AD1E}.Debug|Any CPU.Build.0 = Debug|Any CPU
		{30FCB40D-C94F-4872-B192-8832B028AD1E}.Release|Any CPU.ActiveCfg = Release|Any CPU
		{30FCB40D-C94F-4872-B192-8832B028AD1E}.Release|Any CPU.Build.0 = Release|Any CPU
	EndGlobalSection
	GlobalSection(SolutionProperties) = preSolution
		HideSolutionNode = FALSE
	EndGlobalSection
	GlobalSection(ExtensibilityGlobals) = postSolution
		SolutionGuid = {1941AF2C-45A4-4B52-8959-71FB96D5AF90}
	EndGlobalSection
EndGlobal
